
Microsoft Visual Studio Solution File, Format Version 12.00
# Visual Studio Version 17
VisualStudioVersion = 17.14.37628.2 d17.14
MinimumVisualStudioVersion = 10.0.40219.1
Project("{2150E333-8FDC-42A3-9474-1A3956D46DE8}") = "Task0", "Task0", "{02EA681E-C7D8-13C7-8484-4AC65E1B71E8}"
EndProject
Project("{FAE04EC0-301F-11D3-BF4B-00C04F79EFBC}") = "Tyuiu.VazhnikLN.Sprint1.Task0.V15", "Tyuiu.VazhnikLN.Sprint1.Task0.V15\Tyuiu.VazhnikLN.Sprint1.Task0.V15.csproj", "{9256A585-64B9-4557-B40A-DE0C046EBD94}"
EndProject
Project("{FAE04EC0-301F-11D3-BF4B-00C04F79EFBC}") = "Tyuiu.VazhnikLN.Sprint1.Task0.V15.Test", "Tyuiu.VazhnikLN.Sprint1.Task0.V15.Test\Tyuiu.VazhnikLN.Sprint1.Task0.V15.Test.csproj", "{364F61CB-51DC-4447-8079-6679EB885D75}"
EndProject
Project("{FAE04EC0-301F-11D3-BF4B-00C04F79EFBC}") = "Tyuiu.VazhnikLN.Sprint1.Task0.V15.Lib", "Tyuiu.VazhnikLN.Sprint1.Task0.V15.Lib\Tyuiu.VazhnikLN.Sprint1.Task0.V15.Lib.csproj", "{423374EB-13E6-476C-97C1-AE71062399F4}"
EndProject
Project("{2150E333-8FDC-42A3-9474-1A3956D46DE8}") = "Task1", "Task1", "{BC8A072E-4B25-4D30-A58F-ACC6FF471725}"
EndProject
Project("{FAE04EC0-301F-11D3-BF4B-00C04F79EFBC}") = "Tyuiu.VazhnikLN.Sprint1.Task1.V16", "Tyuiu.VazhnikLN.Sprint1.Task1.V16\Tyuiu.VazhnikLN.Sprint1.Task1.V16.csproj", "{B1C94C9A-EAF9-4914-88F8-C434882DA5A9}"
EndProject
Project("{FAE04EC0-301F-11D3-BF4B-00C04F79EFBC}") = "Tyuiu.VazhnikLN.Sprint1.Task1.V16.Lib", "Tyuiu.VazhnikLN.Sprint1.Task1.V16.Lib\Tyuiu.VazhnikLN.Sprint1.Task1.V16.Lib.csproj", "{FA15AAB2-BA4E-4615-AF03-BEE4A89B18A8}"
EndProject
Project("{FAE04EC0-301F-11D3-BF4B-00C04F79EFBC}") = "Tyuiu.VazhnikLN.Sprint1.Task1.V16.Test", "Tyuiu.VazhnikLN.Sprint1.Task1.V16.Test\Tyuiu.VazhnikLN.Sprint1.Task1.V16.Test.csproj", "{0BFA7E08-4104-4A2F-BA1B-F8428377F8E7}"
EndProject
Project("{2150E333-8FDC-42A3-9474-1A3956D46DE8}") = "Task2", "Task2", "{9A77B910-0BD4-4A97-B868-0C55D7B27E6A}"
EndProject
Project("{FAE04EC0-301F-11D3-BF4B-00C04F79EFBC}") = "Tyuiu.VazhnikLN.Sprint1.Task2.V25", "Tyuiu.VazhnikLN.Sprint1.Task2.V25\Tyuiu.VazhnikLN.Sprint1.Task2.V25.csproj", "{8C27B5FD-A1CF-43B9-8B4F-F88D54C6BA98}"
EndProject
Project("{FAE04EC0-301F-11D3-BF4B-00C04F79EFBC}") = "Tyuiu.VazhnikLN.Sprint1.Task2.V25.Test", "Tyuiu.VazhnikLN.Sprint1.Task2.V25.Test\Tyuiu.VazhnikLN.Sprint1.Task2.V25.Test.csproj", "{E2481CEB-CD3F-4624-A79B-F88BEE1E939D}"
EndProject
Project("{FAE04EC0-301F-11D3-BF4B-00C04F79EFBC}") = "Tyuiu.VazhnikLN.Sprint1.Task2.V25.Lib", "Tyuiu.VazhnikLN.Sprint1.Task2.V25.Lib\Tyuiu.VazhnikLN.Sprint1.Task2.V25.Lib.csproj", "{4183893D-5113-4DA3-9335-39A1994EAEDD}"
EndProject
Project("{2150E333-8FDC-42A3-9474-1A3956D46DE8}") = "Task3", "Task3", "{5415DCD2-8D60-40D9-A4CD-D06DD5F72F41}"
EndProject
Project("{FAE04EC0-301F-11D3-BF4B-00C04F79EFBC}") = "Tyuiu.VazhnikLN.Sprint1.Task3.V14", "Tyuiu.VazhnikLN.Sprint1.Task3.V14\Tyuiu.VazhnikLN.Sprint1.Task3.V14.csproj", "{AA368CC7-8452-45AB-B52E-1B445FD2C282}"
EndProject
Project("{FAE04EC0-301F-11D3-BF4B-00C04F79EFBC}") = "Tyuiu.VazhnikLN.Sprint1.Task3.V14.Lib", "Tyuiu.VazhnikLN.Sprint1.Task3.V14.Lib\Tyuiu.VazhnikLN.Sprint1.Task3.V14.Lib.csproj", "{C9BB748E-7E24-4D84-AEB1-E162AFBA9D83}"
EndProject
Project("{FAE04EC0-301F-11D3-BF4B-00C04F79EFBC}") = "Tyuiu.VazhnikLN.Sprint1.Task3.V14.Test", "Tyuiu.VazhnikLN.Sprint1.Task3.V14.Test\Tyuiu.VazhnikLN.Sprint1.Task3.V14.Test.csproj", "{24393562-457B-4D2A-A3FE-FADC4AD955F5}"
EndProject
Project("{2150E333-8FDC-42A3-9474-1A3956D46DE8}") = "Task4", "Task4", "{93D4C6A8-2AE0-4E74-8829-7CE1C00D2286}"
EndProject
Project("{FAE04EC0-301F-11D3-BF4B-00C04F79EFBC}") = "Tyuiu.VazhnikLN.Sprint1.Task4.V13", "Tyuiu.VazhnikLN.Sprint1.Task4.V13\Tyuiu.VazhnikLN.Sprint1.Task4.V13.csproj", "{1FB2F287-1453-4779-9529-EFABDA6A4227}"
EndProject
Project("{FAE04EC0-301F-11D3-BF4B-00C04F79EFBC}") = "Tyuiu.VazhnikLN.Sprint1.Task4.V13.Lib", "Tyuiu.VazhnikLN.Sprint1.Task4.V13.Lib\Tyuiu.VazhnikLN.Sprint1.Task4.V13.Lib.csproj", "{91C3FFB6-5D17-45EC-B9CE-75F74B90BFD5}"
EndProject
Project("{FAE04EC0-301F-11D3-BF4B-00C04F79EFBC}") = "Tyuiu.VazhnikLN.Sprint1.Task4.V13.Test", "Tyuiu.VazhnikLN.Sprint1.Task4.V13.Test\Tyuiu.VazhnikLN.Sprint1.Task4.V13.Test.csproj", "{02CD3794-B9EE-419E-ACED-2C7B76E2A62A}"
EndProject
Project("{2150E333-8FDC-42A3-9474-1A3956D46DE8}") = "Task5", "Task5", "{2CFC1397-72AA-416A-8221-AE81898F5F77}"
EndProject
Project("{FAE04EC0-301F-11D3-BF4B-00C04F79EFBC}") = "Tyuiu.VazhnikLN.Sprint1.Task5.V4", "Tyuiu.VazhnikLN.Sprint1.Task5.V4\Tyuiu.VazhnikLN.Sprint1.Task5.V4.csproj", "{2831C73B-1CE3-47D2-AD19-109438203FBF}"
EndProject
Project("{FAE04EC0-301F-11D3-BF4B-00C04F79EFBC}") = "Tyuiu.VazhnikLN.Sprint1.Task5.V4.Lib", "Tyuiu.VazhnikLN.Sprint1.Task5.V4.Lib\Tyuiu.VazhnikLN.Sprint1.Task5.V4.Lib.csproj", "{2444221F-FF46-4BAE-874B-02FAF9BBFC58}"
EndProject
Project("{FAE04EC0-301F-11D3-BF4B-00C04F79EFBC}") = "Tyuiu.VazhnikLN.Sprint1.Task5.V4.Test", "Tyuiu.VazhnikLN.Sprint1.Task5.V4.Test\Tyuiu.VazhnikLN.Sprint1.Task5.V4.Test.csproj", "{52ED7D89-FF00-45AF-8EBE-E4910DF04E11}"
EndProject
Global
	GlobalSection(SolutionConfigurationPlatforms) = preSolution
		Debug|Any CPU = Debug|Any CPU
		Release|Any CPU = Release|Any CPU
	EndGlobalSection
	GlobalSection(ProjectConfigurationPlatforms) = postSolution
		{9256A585-64B9-4557-B40A-DE0C046EBD94}.Debug|Any CPU.ActiveCfg = Debug|Any CPU
		{9256A585-64B9-4557-B40A-DE0C046EBD94}.Debug|Any CPU.Build.0 = Debug|Any CPU
		{9256A585-64B9-4557-B40A-DE0C046EBD94}.Release|Any CPU.ActiveCfg = Release|Any CPU
		{9256A585-64B9-4557-B40A-DE0C046EBD94}.Release|Any CPU.Build.0 = Release|Any CPU
		{364F61CB-51DC-4447-8079-6679EB885D75}.Debug|Any CPU.ActiveCfg = Debug|Any CPU
		{364F61CB-51DC-4447-8079-6679EB885D75}.Debug|Any CPU.Build.0 = Debug|Any CPU
		{364F61CB-51DC-4447-8079-6679EB885D75}.Release|Any CPU.ActiveCfg = Release|Any CPU
		{364F61CB-51DC-4447-8079-6679EB885D75}.Release|Any CPU.Build.0 = Release|Any CPU
		{423374EB-13E6-476C-97C1-AE71062399F4}.Debug|Any CPU.ActiveCfg = Debug|Any CPU
		{423374EB-13E6-476C-97C1-AE71062399F4}.Debug|Any CPU.Build.0 = Debug|Any CPU
		{423374EB-13E6-476C-97C1-AE71062399F4}.Release|Any CPU.ActiveCfg = Release|Any CPU
		{423374EB-13E6-476C-97C1-AE71062399F4}.Release|Any CPU.Build.0 = Release|Any CPU
		{B1C94C9A-EAF9-4914-88F8-C434882DA5A9}.Debug|Any CPU.ActiveCfg = Debug|Any CPU
		{B1C94C9A-EAF9-4914-88F8-C434882DA5A9}.Debug|Any CPU.Build.0 = Debug|Any CPU
		{B1C94C9A-EAF9-4914-88F8-C434882DA5A9}.Release|Any CPU.ActiveCfg = Release|Any CPU
		{B1C94C9A-EAF9-4914-88F8-C434882DA5A9}.Release|Any CPU.Build.0 = Release|Any CPU
		{FA15AAB2-BA4E-4615-AF03-BEE4A89B18A8}.Debug|Any CPU.ActiveCfg = Debug|Any CPU
		{FA15AAB2-BA4E-4615-AF03-BEE4A89B18A8}.Debug|Any CPU.Build.0 = Debug|Any CPU
		{FA15AAB2-BA4E-4615-AF03-BEE4A89B18A8}.Release|Any CPU.ActiveCfg = Release|Any CPU
		{FA15AAB2-BA4E-4615-AF03-BEE4A89B18A8}.Release|Any CPU.Build.0 = Release|Any CPU
		{0BFA7E08-4104-4A2F-BA1B-F8428377F8E7}.Debug|Any CPU.ActiveCfg = Debug|Any CPU
		{0BFA7E08-4104-4A2F-BA1B-F8428377F8E7}.Debug|Any CPU.Build.0 = Debug|Any CPU
		{0BFA7E08-4104-4A2F-BA1B-F8428377F8E7}.Release|Any CPU.ActiveCfg = Release|Any CPU
		{0BFA7E08-4104-4A2F-BA1B-F8428377F8E7}.Release|Any CPU.Build.0 = Release|Any CPU
		{8C27B5FD-A1CF-43B9-8B4F-F88D54C6BA98}.Debug|Any CPU.ActiveCfg = Debug|Any CPU
		{8C27B5FD-A1CF-43B9-8B4F-F88D54C6BA98}.Debug|Any CPU.Build.0 = Debug|Any CPU
		{8C27B5FD-A1CF-43B9-8B4F-F88D54C6BA98}.Release|Any CPU.ActiveCfg = Release|Any CPU
		{8C27B5FD-A1CF-43B9-8B4F-F88D54C6BA98}.Release|Any CPU.Build.0 = Release|Any CPU
		{E2481CEB-CD3F-4624-A79B-F88BEE1E939D}.Debug|Any CPU.ActiveCfg = Debug|Any CPU
		{E2481CEB-CD3F-4624-A79B-F88BEE1E939D}.Debug|Any CPU.Build.0 = Debug|Any CPU
		{E2481CEB-CD3F-4624-A79B-F88BEE1E939D}.Release|Any CPU.ActiveCfg = Release|Any CPU
		{E2481CEB-CD3F-4624-A79B-F88BEE1E939D}.Release|Any CPU.Build.0 = Release|Any CPU
		{4183893D-5113-4DA3-9335-39A1994EAEDD}.Debug|Any CPU.ActiveCfg = Debug|Any CPU
		{4183893D-5113-4DA3-9335-39A1994EAEDD}.Debug|Any CPU.Build.0 = Debug|Any CPU
		{4183893D-5113-4DA3-9335-39A1994EAEDD}.Release|Any CPU.ActiveCfg = Release|Any CPU
		{4183893D-5113-4DA3-9335-39A1994EAEDD}.Release|Any CPU.Build.0 = Release|Any CPU
		{AA368CC7-8452-45AB-B52E-1B445FD2C282}.Debug|Any CPU.ActiveCfg = Debug|Any CPU
		{AA368CC7-8452-45AB-B52E-1B445FD2C282}.Debug|Any CPU.Build.0 = Debug|Any CPU
		{AA368CC7-8452-45AB-B52E-1B445FD2C282}.Release|Any CPU.ActiveCfg = Release|Any CPU
		{AA368CC7-8452-45AB-B52E-1B445FD2C282}.Release|Any CPU.Build.0 = Release|Any CPU
		{C9BB748E-7E24-4D84-AEB1-E162AFBA9D83}.Debug|Any CPU.ActiveCfg = Debug|Any CPU
		{C9BB748E-7E24-4D84-AEB1-E162AFBA9D83}.Debug|Any CPU.Build.0 = Debug|Any CPU
		{C9BB748E-7E24-4D84-AEB1-E162AFBA9D83}.Release|Any CPU.ActiveCfg = Release|Any CPU
		{C9BB748E-7E24-4D84-AEB1-E162AFBA9D83}.Release|Any CPU.Build.0 = Release|Any CPU
		{24393562-457B-4D2A-A3FE-FADC4AD955F5}.Debug|Any CPU.ActiveCfg = Debug|Any CPU
		{24393562-457B-4D2A-A3FE-FADC4AD955F5}.Debug|Any CPU.Build.0 = Debug|Any CPU
		{24393562-457B-4D2A-A3FE-FADC4AD955F5}.Release|Any CPU.ActiveCfg = Release|Any CPU
		{24393562-457B-4D2A-A3FE-FADC4AD955F5}.Release|Any CPU.Build.0 = Release|Any CPU
		{1FB2F287-1453-4779-9529-EFABDA6A4227}.Debug|Any CPU.ActiveCfg = Debug|Any CPU
		{1FB2F287-1453-4779-9529-EFABDA6A4227}.Debug|Any CPU.Build.0 = Debug|Any CPU
		{1FB2F287-1453-4779-9529-EFABDA6A4227}.Release|Any CPU.ActiveCfg = Release|Any CPU
		{1FB2F287-1453-4779-9529-EFABDA6A4227}.Release|Any CPU.Build.0 = Release|Any CPU
		{91C3FFB6-5D17-45EC-B9CE-75F74B90BFD5}.Debug|Any CPU.ActiveCfg = Debug|Any CPU
		{91C3FFB6-5D17-45EC-B9CE-75F74B90BFD5}.Debug|Any CPU.Build.0 = Debug|Any CPU
		{91C3FFB6-5D17-45EC-B9CE-75F74B90BFD5}.Release|Any CPU.ActiveCfg = Release|Any CPU
		{91C3FFB6-5D17-45EC-B9CE-75F74B90BFD5}.Release|Any CPU.Build.0 = Release|Any CPU
		{02CD3794-B9EE-419E-ACED-2C7B76E2A62A}.Debug|Any CPU.ActiveCfg = Debug|Any CPU
		{02CD3794-B9EE-419E-ACED-2C7B76E2A62A}.Debug|Any CPU.Build.0 = Debug|Any CPU
		{02CD3794-B9EE-419E-ACED-2C7B76E2A62A}.Release|Any CPU.ActiveCfg = Release|Any CPU
		{02CD3794-B9EE-419E-ACED-2C7B76E2A62A}.Release|Any CPU.Build.0 = Release|Any CPU
		{2831C73B-1CE3-47D2-AD19-109438203FBF}.Debug|Any CPU.ActiveCfg = Debug|Any CPU
		{2831C73B-1CE3-47D2-AD19-109438203FBF}.Debug|Any CPU.Build.0 = Debug|Any CPU
		{2831C73B-1CE3-47D2-AD19-109438203FBF}.Release|Any CPU.ActiveCfg = Release|Any CPU
		{2831C73B-1CE3-47D2-AD19-109438203FBF}.Release|Any CPU.Build.0 = Release|Any CPU
		{2444221F-FF46-4BAE-874B-02FAF9BBFC58}.Debug|Any CPU.ActiveCfg = Debug|Any CPU
		{2444221F-FF46-4BAE-874B-02FAF9BBFC58}.Debug|Any CPU.Build.0 = Debug|Any CPU
		{2444221F-FF46-4BAE-874B-02FAF9BBFC58}.Release|Any CPU.ActiveCfg = Release|Any CPU
		{2444221F-FF46-4BAE-874B-02FAF9BBFC58}.Release|Any CPU.Build.0 = Release|Any CPU
		{52ED7D89-FF00-45AF-8EBE-E4910DF04E11}.Debug|Any CPU.ActiveCfg = Debug|Any CPU
		{52ED7D89-FF00-45AF-8EBE-E4910DF04E11}.Debug|Any CPU.Build.0 = Debug|Any CPU
		{52ED7D89-FF00-45AF-8EBE-E4910DF04E11}.Release|Any CPU.ActiveCfg = Release|Any CPU
		{52ED7D89-FF00-45AF-8EBE-E4910DF04E11}.Release|Any CPU.Build.0 = Release|Any CPU
	EndGlobalSection
	GlobalSection(SolutionProperties) = preSolution
		HideSolutionNode = FALSE
	EndGlobalSection
	GlobalSection(NestedProjects) = preSolution
		{9256A585-64B9-4557-B40A-DE0C046EBD94} = {02EA681E-C7D8-13C7-8484-4AC65E1B71E8}
		{364F61CB-51DC-4447-8079-6679EB885D75} = {02EA681E-C7D8-13C7-8484-4AC65E1B71E8}
		{423374EB-13E6-476C-97C1-AE71062399F4} = {02EA681E-C7D8-13C7-8484-4AC65E1B71E8}
		{B1C94C9A-EAF9-4914-88F8-C434882DA5A9} = {BC8A072E-4B25-4D30-A58F-ACC6FF471725}
		{FA15AAB2-BA4E-4615-AF03-BEE4A89B18A8} = {BC8A072E-4B25-4D30-A58F-ACC6FF471725}
		{0BFA7E08-4104-4A2F-BA1B-F8428377F8E7} = {BC8A072E-4B25-4D30-A58F-ACC6FF471725}
		{8C27B5FD-A1CF-43B9-8B4F-F88D54C6BA98} = {9A77B910-0BD4-4A97-B868-0C55D7B27E6A}
		{E2481CEB-CD3F-4624-A79B-F88BEE1E939D} = {9A77B910-0BD4-4A97-B868-0C55D7B27E6A}
		{4183893D-5113-4DA3-9335-39A1994EAEDD} = {9A77B910-0BD4-4A97-B868-0C55D7B27E6A}
		{AA368CC7-8452-45AB-B52E-1B445FD2C282} = {5415DCD2-8D60-40D9-A4CD-D06DD5F72F41}
		{C9BB748E-7E24-4D84-AEB1-E162AFBA9D83} = {5415DCD2-8D60-40D9-A4CD-D06DD5F72F41}
		{24393562-457B-4D2A-A3FE-FADC4AD955F5} = {5415DCD2-8D60-40D9-A4CD-D06DD5F72F41}
		{1FB2F287-1453-4779-9529-EFABDA6A4227} = {93D4C6A8-2AE0-4E74-8829-7CE1C00D2286}
		{91C3FFB6-5D17-45EC-B9CE-75F74B90BFD5} = {93D4C6A8-2AE0-4E74-8829-7CE1C00D2286}
		{02CD3794-B9EE-419E-ACED-2C7B76E2A62A} = {93D4C6A8-2AE0-4E74-8829-7CE1C00D2286}
		{2831C73B-1CE3-47D2-AD19-109438203FBF} = {2CFC1397-72AA-416A-8221-AE81898F5F77}
		{2444221F-FF46-4BAE-874B-02FAF9BBFC58} = {2CFC1397-72AA-416A-8221-AE81898F5F77}
		{52ED7D89-FF00-45AF-8EBE-E4910DF04E11} = {2CFC1397-72AA-416A-8221-AE81898F5F77}
	EndGlobalSection
	GlobalSection(ExtensibilityGlobals) = postSolution
		SolutionGuid = {870EC2B3-A6D1-41BB-B715-26E9E010F1D4}
	EndGlobalSection
EndGlobal
